# This file was autogenerated by Stack.
# You should not edit this file by hand.
# For more information, please see the documentation at:
#   https://docs.haskellstack.org/en/stable/lock_files

packages:
- completed:
    hackage: drinkery-0.4@sha256:22eec9a0c918eef0558c58b42b32b0e74fa91b49310e7a7066d9948cd768b16e,1289
    pantry-tree:
      size: 737
      sha256: 2ecbf162aa0d7416f3d5db140303ac72e4d190753843b909eae6d7f50cce52e7
  original:
    hackage: drinkery-0.4
- completed:
    hackage: extensible-0.8.1@sha256:280840e31d92510b342d6a8d82d7af39cfd250194f9c26fca1d5cd406ee206f6,2946
    pantry-tree:
      size: 2097
      sha256: 49d78392bc6da683fe08b01b7e513b5eb471df1b8157616ca4d9dad0a9a23d3d
  original:
    hackage: extensible-0.8.1
- completed:
    hackage: membership-0@sha256:3a11d8fd53cb1a76bb9273e6c929bbf9d649f109714bf487abb3143be04ddc81,995
    pantry-tree:
      size: 408
      sha256: 3b593e0d14e848e318e745555776ebb25210e5e3dec4fde5d3c08ab51ceddc62
  original:
    hackage: membership-0
- completed:
    hackage: incremental-0.3.1@sha256:9c697bae4f7e5ceb144bde13e03ca2f36b4bc2d0c92bbc02e0a604231ee279c2,1153
    pantry-tree:
      size: 370
      sha256: fd5f40352dbf1602babd2c5db2a120c26e57bbd5ad30b19ce24d04189f6a18d1
  original:
    hackage: incremental-0.3.1
- completed:
    size: 69976
    subdir: lib/scrapbook-core
    url: https://github.com/matsubara0507/scrapbook/archive/1839569c8ca1bb22c1f415b33dbee733e8f7e27c.tar.gz
    name: scrapbook-core
    version: 0.5.0
    sha256: 6e9e988cfb5c0b3a2eef0e391b65d41fc72bec48ad1b9595801c1a3d748b7247
    pantry-tree:
      size: 1541
      sha256: 7763401d03be3f5bc25c2e3b1d3fb7f73924a1fb7715b5574323db764c2752ed
  original:
    subdir: lib/scrapbook-core
    url: https://github.com/matsubara0507/scrapbook/archive/1839569c8ca1bb22c1f415b33dbee733e8f7e27c.tar.gz
- completed:
    size: 11913
    subdir: mix
    url: https://github.com/matsubara0507/mix.hs/archive/75714be080db16f6a4f9d0a22e86947ffcdadc57.tar.gz
    name: mix
    version: 0.1.1
    sha256: c4aa501c544ab35a214e7b07f2f97fb19de644f48874c8d6838809bcf4d8edb9
    pantry-tree:
      size: 598
      sha256: 689bed307dc233a6c50e01f00295a079dc40a4291700646f3ca423d714ba35fc
  original:
    subdir: mix
    url: https://github.com/matsubara0507/mix.hs/archive/75714be080db16f6a4f9d0a22e86947ffcdadc57.tar.gz
- completed:
    size: 11913
    subdir: mix-plugin-shell
    url: https://github.com/matsubara0507/mix.hs/archive/75714be080db16f6a4f9d0a22e86947ffcdadc57.tar.gz
    name: mix-plugin-shell
    version: 0.1.0
    sha256: c4aa501c544ab35a214e7b07f2f97fb19de644f48874c8d6838809bcf4d8edb9
    pantry-tree:
      size: 383
      sha256: 7bbce9d5ea01f6432cecf3151b7c93751d508c0b28444436365eebda58f599d8
  original:
    subdir: mix-plugin-shell
    url: https://github.com/matsubara0507/mix.hs/archive/75714be080db16f6a4f9d0a22e86947ffcdadc57.tar.gz
snapshots:
- completed:
    size: 563100
    url: https://raw.githubusercontent.com/commercialhaskell/stackage-snapshots/master/lts/17/0.yaml
    sha256: e93a85871577ea3423d5f3454b2b6bd37c2c2123c79faf511dfb64f5b49a9f8b
  original: lts-17.0
