# This file was autogenerated by Stack.
# You should not edit this file by hand.
# For more information, please see the documentation at:
#   https://docs.haskellstack.org/en/stable/lock_files

packages:
- completed:
    hackage: drinkery-0.4@sha256:22eec9a0c918eef0558c58b42b32b0e74fa91b49310e7a7066d9948cd768b16e,1289
    pantry-tree:
      size: 737
      sha256: 2ecbf162aa0d7416f3d5db140303ac72e4d190753843b909eae6d7f50cce52e7
  original:
    hackage: drinkery-0.4
- completed:
    hackage: extensible-0.7@sha256:12dfa21548aba9f3b02a2f708a935240bae43383945f41e4e9054f37e421035b,2859
    pantry-tree:
      size: 2149
      sha256: 732d4bf93a15cbbbaa344ae3ee1e2bdbfa12b0c90df9595c18d543da9d29a33c
  original:
    hackage: extensible-0.7
- completed:
    hackage: membership-0@sha256:3a11d8fd53cb1a76bb9273e6c929bbf9d649f109714bf487abb3143be04ddc81,995
    pantry-tree:
      size: 408
      sha256: 3b593e0d14e848e318e745555776ebb25210e5e3dec4fde5d3c08ab51ceddc62
  original:
    hackage: membership-0
- completed:
    subdir: lib/scrapbook-core
    cabal-file:
      size: 2889
      sha256: b879e1a802d7e2ca35dba9bd5a1c562c30625ad4ad98ce50cc2d39b21e1a4d09
    name: scrapbook-core
    version: 0.4.0
    git: https://github.com/matsubara0507/scrapbook.git
    pantry-tree:
      size: 1540
      sha256: 96a5a5610c6066d2fcf51ad54c95a4860f784e4f661976c2dcf9ff180a4ffa95
    commit: 9ed6874c12ce53b99569a9952253e89859148cf5
  original:
    subdir: lib/scrapbook-core
    git: https://github.com/matsubara0507/scrapbook.git
    commit: 9ed6874c12ce53b99569a9952253e89859148cf5
- completed:
    size: 8280
    subdir: mix
    url: https://github.com/matsubara0507/mix.hs/archive/4978a33dec736799b30c14e215f7fa0f29fa2884.tar.gz
    cabal-file:
      size: 1110
      sha256: 946df4a87070784d7ea659f6a3ad2f346f8cf31fea1135fc342feb5a303fa147
    name: mix
    version: 0.1.1
    sha256: 200ad779113f600d351be1e696d419f4332073dfbe76e5a666b82e17cb7e16d5
    pantry-tree:
      size: 598
      sha256: 689bed307dc233a6c50e01f00295a079dc40a4291700646f3ca423d714ba35fc
  original:
    subdir: mix
    url: https://github.com/matsubara0507/mix.hs/archive/4978a33dec736799b30c14e215f7fa0f29fa2884.tar.gz
- completed:
    size: 8280
    subdir: mix-plugin-shell
    url: https://github.com/matsubara0507/mix.hs/archive/4978a33dec736799b30c14e215f7fa0f29fa2884.tar.gz
    cabal-file:
      size: 1083
      sha256: ddac0c273cf85cc2629c9bf4cc9a952805e146d601b71324468dcb4ad5aaff95
    name: mix-plugin-shell
    version: 0.1.0
    sha256: 200ad779113f600d351be1e696d419f4332073dfbe76e5a666b82e17cb7e16d5
    pantry-tree:
      size: 383
      sha256: 7bbce9d5ea01f6432cecf3151b7c93751d508c0b28444436365eebda58f599d8
  original:
    subdir: mix-plugin-shell
    url: https://github.com/matsubara0507/mix.hs/archive/4978a33dec736799b30c14e215f7fa0f29fa2884.tar.gz
snapshots:
- completed:
    size: 524154
    url: https://raw.githubusercontent.com/commercialhaskell/stackage-snapshots/master/lts/14/20.yaml
    sha256: 2f5099f69ddb6abfe64400fe1e6a604e8e628f55e6837211cd70a81eb0a8fa4d
  original: lts-14.20
