# This file was autogenerated by Stack.
# You should not edit this file by hand.
# For more information, please see the documentation at:
#   https://docs.haskellstack.org/en/stable/lock_files

packages:
- completed:
    size: 9919
    url: https://github.com/fumieval/drinkery/archive/091238b90ca617ff5676cec0ae4a8cb5f79d37e6.tar.gz
    name: drinkery
    version: '0.4'
    sha256: ad89e310b36ea86d21923ea705138b85695da8c3d07a237551f5187714317bdb
    pantry-tree:
      size: 840
      sha256: 4938013876453b7d2d2b06c527cbd3681329580a77f2ae42f24655f972b07f4e
  original:
    url: https://github.com/fumieval/drinkery/archive/091238b90ca617ff5676cec0ae4a8cb5f79d37e6.tar.gz
- completed:
    size: 374222
    url: https://github.com/fumieval/extensible/archive/4a1edb50c90d377085fcc3bad4c9f6e9d296b00e.tar.gz
    name: extensible
    version: '0.9'
    sha256: 8005a29db91b0a67018162b69c913ddf722bdc527f5565caef2644f6ffcd0c95
    pantry-tree:
      size: 2982
      sha256: 77c619f82592a969dbb6a7f5e303063678feeb965b085b9c926e6887621521af
  original:
    url: https://github.com/fumieval/extensible/archive/4a1edb50c90d377085fcc3bad4c9f6e9d296b00e.tar.gz
- completed:
    hackage: membership-0.0.1@sha256:6c4d4ab6e3fb3253c6c670e8a63f74454dc91be50b9f292d0b1355792190aee5,999
    pantry-tree:
      size: 408
      sha256: b918a1a207108313b2bf453b0d9aa65122d9845c4b360c8ade46d3429ff1107a
  original:
    hackage: membership-0.0.1
- completed:
    hackage: incremental-0.3.1@sha256:9c697bae4f7e5ceb144bde13e03ca2f36b4bc2d0c92bbc02e0a604231ee279c2,1153
    pantry-tree:
      size: 370
      sha256: fd5f40352dbf1602babd2c5db2a120c26e57bbd5ad30b19ce24d04189f6a18d1
  original:
    hackage: incremental-0.3.1
- completed:
    size: 70302
    subdir: lib/scrapbook-core
    url: https://github.com/matsubara0507/scrapbook/archive/9d39a5a90b0985c1e6ecd51809111116be6f6781.tar.gz
    name: scrapbook-core
    version: 0.6.0
    sha256: 9473f9cc87c2cc80e9133b12423f73458e0961d07bd33d38992cc80d7054adf4
    pantry-tree:
      size: 1541
      sha256: e2160e8618b5fbbd2170bb8e7bbb0c0c5dd76c92e447792e93c1b086745d260d
  original:
    subdir: lib/scrapbook-core
    url: https://github.com/matsubara0507/scrapbook/archive/9d39a5a90b0985c1e6ecd51809111116be6f6781.tar.gz
- completed:
    size: 12123
    subdir: mix
    url: https://github.com/matsubara0507/mix.hs/archive/9bcd386526fe10a025a23e951c2de86b05129b17.tar.gz
    name: mix
    version: 0.1.1
    sha256: e6ddd7f45a74d368fede8656194fbf1dd9928a903852500c3c2cd4985d821649
    pantry-tree:
      size: 663
      sha256: c1ead54fea3c786e356dadde2301de201599c10e18bc0be32aa8a2e3569930aa
  original:
    subdir: mix
    url: https://github.com/matsubara0507/mix.hs/archive/9bcd386526fe10a025a23e951c2de86b05129b17.tar.gz
- completed:
    size: 12123
    subdir: mix-plugin-shell
    url: https://github.com/matsubara0507/mix.hs/archive/9bcd386526fe10a025a23e951c2de86b05129b17.tar.gz
    name: mix-plugin-shell
    version: 0.1.0
    sha256: e6ddd7f45a74d368fede8656194fbf1dd9928a903852500c3c2cd4985d821649
    pantry-tree:
      size: 383
      sha256: 2c30acc53ef040b03bdacf6275dc225c07f01a05fa67b5872b0fcf05c8e8b72c
  original:
    subdir: mix-plugin-shell
    url: https://github.com/matsubara0507/mix.hs/archive/9bcd386526fe10a025a23e951c2de86b05129b17.tar.gz
snapshots:
- completed:
    size: 573008
    url: https://raw.githubusercontent.com/commercialhaskell/stackage-snapshots/master/nightly/2022/5/12.yaml
    sha256: 2c73222c0a3fc8fa5a9df5de04038e402351652ea28b48604e15c36b693a168d
  original: nightly-2022-05-12
